
Microsoft Visual Studio Solution File, Format Version 12.00
# Visual Studio Version 16
VisualStudioVersion = 25.0.1703.8
MinimumVisualStudioVersion = 10.0.40219.1
Project("{FAE04EC0-301F-11D3-BF4B-00C04F79EFBC}") = "PO2048", "PO2048\PO2048.csproj", "{A67EEE2F-728D-428F-8057-96D588C697E4}"
EndProject
Global
	GlobalSection(SolutionConfigurationPlatforms) = preSolution
		Debug|Any CPU = Debug|Any CPU
		Release|Any CPU = Release|Any CPU
	EndGlobalSection
	GlobalSection(ProjectConfigurationPlatforms) = postSolution
		{A67EEE2F-728D-428F-8057-96D588C697E4}.Debug|Any CPU.ActiveCfg = Debug|Any CPU
		{A67EEE2F-728D-428F-8057-96D588C697E4}.Debug|Any CPU.Build.0 = Debug|Any CPU
		{A67EEE2F-728D-428F-8057-96D588C697E4}.Release|Any CPU.ActiveCfg = Release|Any CPU
		{A67EEE2F-728D-428F-8057-96D588C697E4}.Release|Any CPU.Build.0 = Release|Any CPU
	EndGlobalSection
	GlobalSection(SolutionProperties) = preSolution
		HideSolutionNode = FALSE
	EndGlobalSection
	GlobalSection(ExtensibilityGlobals) = postSolution
		SolutionGuid = {3DF69E98-8355-452F-9939-FDD64E0B6237}
	EndGlobalSection
EndGlobal
